
Microsoft Visual Studio Solution File, Format Version 12.00
# Visual Studio Version 17
VisualStudioVersion = 17.2.32516.85
MinimumVisualStudioVersion = 10.0.40219.1
Project("{9A19103F-16F7-4668-BE54-9A1E7A4F7556}") = "PhoneyInTheBank", "PhoneyInTheBank\PhoneyInTheBank.csproj", "{08000A4A-64D6-455D-A0C1-38C926684119}"
EndProject
Project("{9A19103F-16F7-4668-BE54-9A1E7A4F7556}") = "Models", "Models\Models.csproj", "{55990FF5-1C21-4243-9623-D1A21DB16659}"
EndProject
Project("{9A19103F-16F7-4668-BE54-9A1E7A4F7556}") = "DataContext", "DataContext\DataContext.csproj", "{FB35976E-685E-4783-9254-AD93CFCC614F}"
EndProject
Project("{9A19103F-16F7-4668-BE54-9A1E7A4F7556}") = "ViewModels", "ViewModels\ViewModels.csproj", "{823F94D9-C630-42A1-B42C-3BA56D52B9DD}"
EndProject
Project("{9A19103F-16F7-4668-BE54-9A1E7A4F7556}") = "Utilities", "Utilities\Utilities.csproj", "{C560CD8A-4A96-46F0-9D25-F3D5E6CCED9D}"
EndProject
Project("{9A19103F-16F7-4668-BE54-9A1E7A4F7556}") = "Repository", "Repository\Repository.csproj", "{2C6AEEEB-19C4-40EB-B978-E4080CF0804C}"
EndProject
Project("{2150E333-8FDC-42A3-9474-1A3956D46DE8}") = "Solution Items", "Solution Items", "{4166C8A6-79BE-4560-8D2B-0F6BCD4D429B}"
	ProjectSection(SolutionItems) = preProject
		.editorconfig = .editorconfig
	EndProjectSection
EndProject
Global
	GlobalSection(SolutionConfigurationPlatforms) = preSolution
		Debug|Any CPU = Debug|Any CPU
		Release|Any CPU = Release|Any CPU
	EndGlobalSection
	GlobalSection(ProjectConfigurationPlatforms) = postSolution
		{08000A4A-64D6-455D-A0C1-38C926684119}.Debug|Any CPU.ActiveCfg = Debug|Any CPU
		{08000A4A-64D6-455D-A0C1-38C926684119}.Debug|Any CPU.Build.0 = Debug|Any CPU
		{08000A4A-64D6-455D-A0C1-38C926684119}.Release|Any CPU.ActiveCfg = Release|Any CPU
		{08000A4A-64D6-455D-A0C1-38C926684119}.Release|Any CPU.Build.0 = Release|Any CPU
		{55990FF5-1C21-4243-9623-D1A21DB16659}.Debug|Any CPU.ActiveCfg = Debug|Any CPU
		{55990FF5-1C21-4243-9623-D1A21DB16659}.Debug|Any CPU.Build.0 = Debug|Any CPU
		{55990FF5-1C21-4243-9623-D1A21DB16659}.Release|Any CPU.ActiveCfg = Release|Any CPU
		{55990FF5-1C21-4243-9623-D1A21DB16659}.Release|Any CPU.Build.0 = Release|Any CPU
		{FB35976E-685E-4783-9254-AD93CFCC614F}.Debug|Any CPU.ActiveCfg = Debug|Any CPU
		{FB35976E-685E-4783-9254-AD93CFCC614F}.Debug|Any CPU.Build.0 = Debug|Any CPU
		{FB35976E-685E-4783-9254-AD93CFCC614F}.Release|Any CPU.ActiveCfg = Release|Any CPU
		{FB35976E-685E-4783-9254-AD93CFCC614F}.Release|Any CPU.Build.0 = Release|Any CPU
		{823F94D9-C630-42A1-B42C-3BA56D52B9DD}.Debug|Any CPU.ActiveCfg = Debug|Any CPU
		{823F94D9-C630-42A1-B42C-3BA56D52B9DD}.Debug|Any CPU.Build.0 = Debug|Any CPU
		{823F94D9-C630-42A1-B42C-3BA56D52B9DD}.Release|Any CPU.ActiveCfg = Release|Any CPU
		{823F94D9-C630-42A1-B42C-3BA56D52B9DD}.Release|Any CPU.Build.0 = Release|Any CPU
		{C560CD8A-4A96-46F0-9D25-F3D5E6CCED9D}.Debug|Any CPU.ActiveCfg = Debug|Any CPU
		{C560CD8A-4A96-46F0-9D25-F3D5E6CCED9D}.Debug|Any CPU.Build.0 = Debug|Any CPU
		{C560CD8A-4A96-46F0-9D25-F3D5E6CCED9D}.Release|Any CPU.ActiveCfg = Release|Any CPU
		{C560CD8A-4A96-46F0-9D25-F3D5E6CCED9D}.Release|Any CPU.Build.0 = Release|Any CPU
		{2C6AEEEB-19C4-40EB-B978-E4080CF0804C}.Debug|Any CPU.ActiveCfg = Debug|Any CPU
		{2C6AEEEB-19C4-40EB-B978-E4080CF0804C}.Debug|Any CPU.Build.0 = Debug|Any CPU
		{2C6AEEEB-19C4-40EB-B978-E4080CF0804C}.Release|Any CPU.ActiveCfg = Release|Any CPU
		{2C6AEEEB-19C4-40EB-B978-E4080CF0804C}.Release|Any CPU.Build.0 = Release|Any CPU
	EndGlobalSection
	GlobalSection(SolutionProperties) = preSolution
		HideSolutionNode = FALSE
	EndGlobalSection
	GlobalSection(ExtensibilityGlobals) = postSolution
		SolutionGuid = {6C119346-D108-4CC6-B9BA-42F5BC8569BC}
	EndGlobalSection
EndGlobal
